
Microsoft Visual Studio Solution File, Format Version 12.00
# Visual Studio Version 16
VisualStudioVersion = 16.0.31624.102
MinimumVisualStudioVersion = 10.0.40219.1
Project("{FAE04EC0-301F-11D3-BF4B-00C04F79EFBC}") = "GenerateReview", "GenerateReview\GenerateReview.csproj", "{6A50AC75-C723-4D1A-88E3-0FF705637EDA}"
EndProject
Global
	GlobalSection(SolutionConfigurationPlatforms) = preSolution
		Debug|Any CPU = Debug|Any CPU
		Release|Any CPU = Release|Any CPU
	EndGlobalSection
	GlobalSection(ProjectConfigurationPlatforms) = postSolution
		{6A50AC75-C723-4D1A-88E3-0FF705637EDA}.Debug|Any CPU.ActiveCfg = Debug|Any CPU
		{6A50AC75-C723-4D1A-88E3-0FF705637EDA}.Debug|Any CPU.Build.0 = Debug|Any CPU
		{6A50AC75-C723-4D1A-88E3-0FF705637EDA}.Release|Any CPU.ActiveCfg = Release|Any CPU
		{6A50AC75-C723-4D1A-88E3-0FF705637EDA}.Release|Any CPU.Build.0 = Release|Any CPU
	EndGlobalSection
	GlobalSection(SolutionProperties) = preSolution
		HideSolutionNode = FALSE
	EndGlobalSection
	GlobalSection(ExtensibilityGlobals) = postSolution
		SolutionGuid = {30E7C8C9-24DE-4259-98EB-343D353BB91B}
	EndGlobalSection
EndGlobal
